{
  "name": "NppSync",
  "version": "1.3.2",
  "lockfileVersion": 1,
  "requires": true,
  "dependencies": {
    "verup": {
      "version": "1.6.2",
      "resolved": "https://registry.npmjs.org/verup/-/verup-1.6.2.tgz",
      "integrity": "sha512-comLf4jO9E9sFz7krp8TcapJSY7gYJOo6aEeSueyBSrPvkPOO3sz/4ajtpcrRz38g9VPDUo/y+ETT7zApYjzSg==",
      "dev": true
    }
  }
}
